
Microsoft Visual Studio Solution File, Format Version 12.00
# Visual Studio 15
VisualStudioVersion = 15.0.27130.2024
MinimumVisualStudioVersion = 10.0.40219.1
Project("{FAE04EC0-301F-11D3-BF4B-00C04F79EFBC}") = "Circle", "Circle\Circle.csproj", "{26129D82-936F-4A28-B9DA-B219FC6B6FCA}"
EndProject
Global
	GlobalSection(SolutionConfigurationPlatforms) = preSolution
		Debug|Any CPU = Debug|Any CPU
		Release|Any CPU = Release|Any CPU
	EndGlobalSection
	GlobalSection(ProjectConfigurationPlatforms) = postSolution
		{26129D82-936F-4A28-B9DA-B219FC6B6FCA}.Debug|Any CPU.ActiveCfg = Debug|Any CPU
		{26129D82-936F-4A28-B9DA-B219FC6B6FCA}.Debug|Any CPU.Build.0 = Debug|Any CPU
		{26129D82-936F-4A28-B9DA-B219FC6B6FCA}.Release|Any CPU.ActiveCfg = Release|Any CPU
		{26129D82-936F-4A28-B9DA-B219FC6B6FCA}.Release|Any CPU.Build.0 = Release|Any CPU
	EndGlobalSection
	GlobalSection(SolutionProperties) = preSolution
		HideSolutionNode = FALSE
	EndGlobalSection
	GlobalSection(ExtensibilityGlobals) = postSolution
		SolutionGuid = {3D59A723-4DC5-4E3F-AB25-EAC7EF8AD0E0}
	EndGlobalSection
EndGlobal
